
Microsoft Visual Studio Solution File, Format Version 12.00
# Visual Studio 15
VisualStudioVersion = 15.0.28307.960
MinimumVisualStudioVersion = 10.0.40219.1
Project("{FAE04EC0-301F-11D3-BF4B-00C04F79EFBC}") = "test-mvc", "test-mvc\test-mvc.csproj", "{B45D3234-E773-413E-8B99-CC2FE74F5DDD}"
EndProject
Global
	GlobalSection(SolutionConfigurationPlatforms) = preSolution
		Debug|Any CPU = Debug|Any CPU
		Release|Any CPU = Release|Any CPU
	EndGlobalSection
	GlobalSection(ProjectConfigurationPlatforms) = postSolution
		{B45D3234-E773-413E-8B99-CC2FE74F5DDD}.Debug|Any CPU.ActiveCfg = Debug|Any CPU
		{B45D3234-E773-413E-8B99-CC2FE74F5DDD}.Debug|Any CPU.Build.0 = Debug|Any CPU
		{B45D3234-E773-413E-8B99-CC2FE74F5DDD}.Release|Any CPU.ActiveCfg = Release|Any CPU
		{B45D3234-E773-413E-8B99-CC2FE74F5DDD}.Release|Any CPU.Build.0 = Release|Any CPU
	EndGlobalSection
	GlobalSection(SolutionProperties) = preSolution
		HideSolutionNode = FALSE
	EndGlobalSection
	GlobalSection(ExtensibilityGlobals) = postSolution
		SolutionGuid = {BF4DA834-E7F6-41F8-9761-6C9EF796FBE6}
	EndGlobalSection
EndGlobal
